
Microsoft Visual Studio Solution File, Format Version 12.00
# Visual Studio Version 17
VisualStudioVersion = 17.2.32630.192
MinimumVisualStudioVersion = 10.0.40219.1
Project("{8BC9CEB8-8B4A-11D0-8D11-00A0C91BC942}") = "lesson15.08.2022", "lesson15.08.2022\lesson15.08.2022.vcxproj", "{CE7CC7A1-93D4-4936-BE4F-E0B39A2D51C7}"
EndProject
Global
	GlobalSection(SolutionConfigurationPlatforms) = preSolution
		Debug|x64 = Debug|x64
		Debug|x86 = Debug|x86
		Release|x64 = Release|x64
		Release|x86 = Release|x86
	EndGlobalSection
	GlobalSection(ProjectConfigurationPlatforms) = postSolution
		{CE7CC7A1-93D4-4936-BE4F-E0B39A2D51C7}.Debug|x64.ActiveCfg = Debug|x64
		{CE7CC7A1-93D4-4936-BE4F-E0B39A2D51C7}.Debug|x64.Build.0 = Debug|x64
		{CE7CC7A1-93D4-4936-BE4F-E0B39A2D51C7}.Debug|x86.ActiveCfg = Debug|Win32
		{CE7CC7A1-93D4-4936-BE4F-E0B39A2D51C7}.Debug|x86.Build.0 = Debug|Win32
		{CE7CC7A1-93D4-4936-BE4F-E0B39A2D51C7}.Release|x64.ActiveCfg = Release|x64
		{CE7CC7A1-93D4-4936-BE4F-E0B39A2D51C7}.Release|x64.Build.0 = Release|x64
		{CE7CC7A1-93D4-4936-BE4F-E0B39A2D51C7}.Release|x86.ActiveCfg = Release|Win32
		{CE7CC7A1-93D4-4936-BE4F-E0B39A2D51C7}.Release|x86.Build.0 = Release|Win32
	EndGlobalSection
	GlobalSection(SolutionProperties) = preSolution
		HideSolutionNode = FALSE
	EndGlobalSection
	GlobalSection(ExtensibilityGlobals) = postSolution
		SolutionGuid = {3A205B14-D40F-4A8A-AD26-61DA275A5799}
	EndGlobalSection
EndGlobal
